// !$*UTF8*$!
{
	archiveVersion = 1;
	classes = {
	};
	objectVersion = 55;
	objects = {

/* Begin PBXBuildFile section */
		95623EC626D904F200121868 /* NewsApp.swift in Sources */ = {isa = PBXBuildFile; fileRef = 95623EC526D904F200121868 /* NewsApp.swift */; };
		95623ECA26D904F400121868 /* Assets.xcassets in Resources */ = {isa = PBXBuildFile; fileRef = 95623EC926D904F400121868 /* Assets.xcassets */; };
		95623ECD26D904F400121868 /* Preview Assets.xcassets in Resources */ = {isa = PBXBuildFile; fileRef = 95623ECC26D904F400121868 /* Preview Assets.xcassets */; };
		95623ED526D9051E00121868 /* HomeView.swift in Sources */ = {isa = PBXBuildFile; fileRef = 95623ED426D9051E00121868 /* HomeView.swift */; };
		95623ED826D9099C00121868 /* NewsResponse.swift in Sources */ = {isa = PBXBuildFile; fileRef = 95623ED726D9099C00121868 /* NewsResponse.swift */; };
		95623EDB26D90A6A00121868 /* NewsEndpoint.swift in Sources */ = {isa = PBXBuildFile; fileRef = 95623EDA26D90A6A00121868 /* NewsEndpoint.swift */; };
		95623EDD26D90B8F00121868 /* APIError.swift in Sources */ = {isa = PBXBuildFile; fileRef = 95623EDC26D90B8F00121868 /* APIError.swift */; };
		95623EE026D90C7200121868 /* NewsService.swift in Sources */ = {isa = PBXBuildFile; fileRef = 95623EDF26D90C7200121868 /* NewsService.swift */; };
		95623EE326D90F7C00121868 /* ResultState.swift in Sources */ = {isa = PBXBuildFile; fileRef = 95623EE226D90F7C00121868 /* ResultState.swift */; };
		95623EE626D90FC500121868 /* NewsViewModel.swift in Sources */ = {isa = PBXBuildFile; fileRef = 95623EE526D90FC500121868 /* NewsViewModel.swift */; };
		95623EEB26D9131500121868 /* ArticleView.swift in Sources */ = {isa = PBXBuildFile; fileRef = 95623EEA26D9131500121868 /* ArticleView.swift */; };
		95623EEE26D9162F00121868 /* URLImage in Frameworks */ = {isa = PBXBuildFile; productRef = 95623EED26D9162F00121868 /* URLImage */; };
		95623EF026D9162F00121868 /* URLImageStore in Frameworks */ = {isa = PBXBuildFile; productRef = 95623EEF26D9162F00121868 /* URLImageStore */; };
/* End PBXBuildFile section */

/* Begin PBXFileReference section */
		95623EC226D904F200121868 /* News.app */ = {isa = PBXFileReference; explicitFileType = wrapper.application; includeInIndex = 0; path = News.app; sourceTree = BUILT_PRODUCTS_DIR; };
		95623EC526D904F200121868 /* NewsApp.swift */ = {isa = PBXFileReference; lastKnownFileType = sourcecode.swift; path = NewsApp.swift; sourceTree = "<group>"; };
		95623EC926D904F400121868 /* Assets.xcassets */ = {isa = PBXFileReference; lastKnownFileType = folder.assetcatalog; path = Assets.xcassets; sourceTree = "<group>"; };
		95623ECC26D904F400121868 /* Preview Assets.xcassets */ = {isa = PBXFileReference; lastKnownFileType = folder.assetcatalog; path = "Preview Assets.xcassets"; sourceTree = "<group>"; };
		95623ED426D9051E00121868 /* HomeView.swift */ = {isa = PBXFileReference; lastKnownFileType = sourcecode.swift; path = HomeView.swift; sourceTree = "<group>"; };
		95623ED726D9099C00121868 /* NewsResponse.swift */ = {isa = PBXFileReference; lastKnownFileType = sourcecode.swift; path = NewsResponse.swift; sourceTree = "<group>"; };
		95623EDA26D90A6A00121868 /* NewsEndpoint.swift */ = {isa = PBXFileReference; lastKnownFileType = sourcecode.swift; path = NewsEndpoint.swift; sourceTree = "<group>"; };
		95623EDC26D90B8F00121868 /* APIError.swift */ = {isa = PBXFileReference; lastKnownFileType = sourcecode.swift; path = APIError.swift; sourceTree = "<group>"; };
		95623EDF26D90C7200121868 /* NewsService.swift */ = {isa = PBXFileReference; lastKnownFileType = sourcecode.swift; path = NewsService.swift; sourceTree = "<group>"; };
		95623EE226D90F7C00121868 /* ResultState.swift */ = {isa = PBXFileReference; lastKnownFileType = sourcecode.swift; path = ResultState.swift; sourceTree = "<group>"; };
		95623EE526D90FC500121868 /* NewsViewModel.swift */ = {isa = PBXFileReference; lastKnownFileType = sourcecode.swift; path = NewsViewModel.swift; sourceTree = "<group>"; };
		95623EEA26D9131500121868 /* ArticleView.swift */ = {isa = PBXFileReference; lastKnownFileType = sourcecode.swift; path = ArticleView.swift; sourceTree = "<group>"; };
/* End PBXFileReference section */

/* Begin PBXFrameworksBuildPhase section */
		95623EBF26D904F200121868 /* Frameworks */ = {
			isa = PBXFrameworksBuildPhase;
			buildActionMask = 2147483647;
			files = (
				95623EF026D9162F00121868 /* URLImageStore in Frameworks */,
				95623EEE26D9162F00121868 /* URLImage in Frameworks */,
			);
			runOnlyForDeploymentPostprocessing = 0;
		};
/* End PBXFrameworksBuildPhase section */

/* Begin PBXGroup section */
		95623EB926D904F200121868 = {
			isa = PBXGroup;
			children = (
				95623EC426D904F200121868 /* News */,
				95623EC326D904F200121868 /* Products */,
			);
			sourceTree = "<group>";
		};
		95623EC326D904F200121868 /* Products */ = {
			isa = PBXGroup;
			children = (
				95623EC226D904F200121868 /* News.app */,
			);
			name = Products;
			sourceTree = "<group>";
		};
		95623EC426D904F200121868 /* News */ = {
			isa = PBXGroup;
			children = (
				95623EE426D90FB200121868 /* ViewModel */,
				95623EE126D90F6C00121868 /* States */,
				95623EDE26D90C6300121868 /* Service */,
				95623ED926D90A5900121868 /* Endpoint */,
				95623ED626D9098800121868 /* Model */,
				95623ED326D9050800121868 /* Views */,
				95623EC526D904F200121868 /* NewsApp.swift */,
				95623EC926D904F400121868 /* Assets.xcassets */,
				95623ECB26D904F400121868 /* Preview Content */,
				95623EDC26D90B8F00121868 /* APIError.swift */,
			);
			path = News;
			sourceTree = "<group>";
		};
		95623ECB26D904F400121868 /* Preview Content */ = {
			isa = PBXGroup;
			children = (
				95623ECC26D904F400121868 /* Preview Assets.xcassets */,
			);
			path = "Preview Content";
			sourceTree = "<group>";
		};
		95623ED326D9050800121868 /* Views */ = {
			isa = PBXGroup;
			children = (
				95623ED426D9051E00121868 /* HomeView.swift */,
				95623EEA26D9131500121868 /* ArticleView.swift */,
			);
			path = Views;
			sourceTree = "<group>";
		};
		95623ED626D9098800121868 /* Model */ = {
			isa = PBXGroup;
			children = (
				95623ED726D9099C00121868 /* NewsResponse.swift */,
			);
			path = Model;
			sourceTree = "<group>";
		};
		95623ED926D90A5900121868 /* Endpoint */ = {
			isa = PBXGroup;
			children = (
				95623EDA26D90A6A00121868 /* NewsEndpoint.swift */,
			);
			path = Endpoint;
			sourceTree = "<group>";
		};
		95623EDE26D90C6300121868 /* Service */ = {
			isa = PBXGroup;
			children = (
				95623EDF26D90C7200121868 /* NewsService.swift */,
			);
			path = Service;
			sourceTree = "<group>";
		};
		95623EE126D90F6C00121868 /* States */ = {
			isa = PBXGroup;
			children = (
				95623EE226D90F7C00121868 /* ResultState.swift */,
			);
			path = States;
			sourceTree = "<group>";
		};
		95623EE426D90FB200121868 /* ViewModel */ = {
			isa = PBXGroup;
			children = (
				95623EE526D90FC500121868 /* NewsViewModel.swift */,
			);
			path = ViewModel;
			sourceTree = "<group>";
		};
/* End PBXGroup section */

/* Begin PBXNativeTarget section */
		95623EC126D904F200121868 /* News */ = {
			isa = PBXNativeTarget;
			buildConfigurationList = 95623ED026D904F400121868 /* Build configuration list for PBXNativeTarget "News" */;
			buildPhases = (
				95623EBE26D904F200121868 /* Sources */,
				95623EBF26D904F200121868 /* Frameworks */,
				95623EC026D904F200121868 /* Resources */,
			);
			buildRules = (
			);
			dependencies = (
			);
			name = News;
			packageProductDependencies = (
				95623EED26D9162F00121868 /* URLImage */,
				95623EEF26D9162F00121868 /* URLImageStore */,
			);
			productName = News;
			productReference = 95623EC226D904F200121868 /* News.app */;
			productType = "com.apple.product-type.application";
		};
/* End PBXNativeTarget section */

/* Begin PBXProject section */
		95623EBA26D904F200121868 /* Project object */ = {
			isa = PBXProject;
			attributes = {
				BuildIndependentTargetsInParallel = 1;
				LastSwiftUpdateCheck = 1300;
				LastUpgradeCheck = 1300;
				TargetAttributes = {
					95623EC126D904F200121868 = {
						CreatedOnToolsVersion = 13.0;
					};
				};
			};
			buildConfigurationList = 95623EBD26D904F200121868 /* Build configuration list for PBXProject "News" */;
			compatibilityVersion = "Xcode 13.0";
			developmentRegion = en;
			hasScannedForEncodings = 0;
			knownRegions = (
				en,
				Base,
			);
			mainGroup = 95623EB926D904F200121868;
			packageReferences = (
				95623EEC26D9162F00121868 /* XCRemoteSwiftPackageReference "url-image" */,
			);
			productRefGroup = 95623EC326D904F200121868 /* Products */;
			projectDirPath = "";
			projectRoot = "";
			targets = (
				95623EC126D904F200121868 /* News */,
			);
		};
/* End PBXProject section */

/* Begin PBXResourcesBuildPhase section */
		95623EC026D904F200121868 /* Resources */ = {
			isa = PBXResourcesBuildPhase;
			buildActionMask = 2147483647;
			files = (
				95623ECD26D904F400121868 /* Preview Assets.xcassets in Resources */,
				95623ECA26D904F400121868 /* Assets.xcassets in Resources */,
			);
			runOnlyForDeploymentPostprocessing = 0;
		};
/* End PBXResourcesBuildPhase section */

/* Begin PBXSourcesBuildPhase section */
		95623EBE26D904F200121868 /* Sources */ = {
			isa = PBXSourcesBuildPhase;
			buildActionMask = 2147483647;
			files = (
				95623EE326D90F7C00121868 /* ResultState.swift in Sources */,
				95623EE026D90C7200121868 /* NewsService.swift in Sources */,
				95623ED526D9051E00121868 /* HomeView.swift in Sources */,
				95623EC626D904F200121868 /* NewsApp.swift in Sources */,
				95623ED826D9099C00121868 /* NewsResponse.swift in Sources */,
				95623EDD26D90B8F00121868 /* APIError.swift in Sources */,
				95623EDB26D90A6A00121868 /* NewsEndpoint.swift in Sources */,
				95623EEB26D9131500121868 /* ArticleView.swift in Sources */,
				95623EE626D90FC500121868 /* NewsViewModel.swift in Sources */,
			);
			runOnlyForDeploymentPostprocessing = 0;
		};
/* End PBXSourcesBuildPhase section */

/* Begin XCBuildConfiguration section */
		95623ECE26D904F400121868 /* Debug */ = {
			isa = XCBuildConfiguration;
			buildSettings = {
				ALWAYS_SEARCH_USER_PATHS = NO;
				CLANG_ANALYZER_NONNULL = YES;
				CLANG_ANALYZER_NUMBER_OBJECT_CONVERSION = YES_AGGRESSIVE;
				CLANG_CXX_LANGUAGE_STANDARD = "gnu++17";
				CLANG_CXX_LIBRARY = "libc++";
				CLANG_ENABLE_MODULES = YES;
				CLANG_ENABLE_OBJC_ARC = YES;
				CLANG_ENABLE_OBJC_WEAK = YES;
				CLANG_WARN_BLOCK_CAPTURE_AUTORELEASING = YES;
				CLANG_WARN_BOOL_CONVERSION = YES;
				CLANG_WARN_COMMA = YES;
				CLANG_WARN_CONSTANT_CONVERSION = YES;
				CLANG_WARN_DEPRECATED_OBJC_IMPLEMENTATIONS = YES;
				CLANG_WARN_DIRECT_OBJC_ISA_USAGE = YES_ERROR;
				CLANG_WARN_DOCUMENTATION_COMMENTS = YES;
				CLANG_WARN_EMPTY_BODY = YES;
				CLANG_WARN_ENUM_CONVERSION = YES;
				CLANG_WARN_INFINITE_RECURSION = YES;
				CLANG_WARN_INT_CONVERSION = YES;
				CLANG_WARN_NON_LITERAL_NULL_CONVERSION = YES;
				CLANG_WARN_OBJC_IMPLICIT_RETAIN_SELF = YES;
				CLANG_WARN_OBJC_LITERAL_CONVERSION = YES;
				CLANG_WARN_OBJC_ROOT_CLASS = YES_ERROR;
				CLANG_WARN_QUOTED_INCLUDE_IN_FRAMEWORK_HEADER = YES;
				CLANG_WARN_RANGE_LOOP_ANALYSIS = YES;
				CLANG_WARN_STRICT_PROTOTYPES = YES;
				CLANG_WARN_SUSPICIOUS_MOVE = YES;
				CLANG_WARN_UNGUARDED_AVAILABILITY = YES_AGGRESSIVE;
				CLANG_WARN_UNREACHABLE_CODE = YES;
				CLANG_WARN__DUPLICATE_METHOD_MATCH = YES;
				COPY_PHASE_STRIP = NO;
				DEBUG_INFORMATION_FORMAT = dwarf;
				ENABLE_STRICT_OBJC_MSGSEND = YES;
				ENABLE_TESTABILITY = YES;
				GCC_C_LANGUAGE_STANDARD = gnu11;
				GCC_DYNAMIC_NO_PIC = NO;
				GCC_NO_COMMON_BLOCKS = YES;
				GCC_OPTIMIZATION_LEVEL = 0;
				GCC_PREPROCESSOR_DEFINITIONS = (
					"DEBUG=1",
					"$(inherited)",
				);
				GCC_WARN_64_TO_32_BIT_CONVERSION = YES;
				GCC_WARN_ABOUT_RETURN_TYPE = YES_ERROR;
				GCC_WARN_UNDECLARED_SELECTOR = YES;
				GCC_WARN_UNINITIALIZED_AUTOS = YES_AGGRESSIVE;
				GCC_WARN_UNUSED_FUNCTION = YES;
				GCC_WARN_UNUSED_VARIABLE = YES;
				IPHONEOS_DEPLOYMENT_TARGET = 15.0;
				MTL_ENABLE_DEBUG_INFO = INCLUDE_SOURCE;
				MTL_FAST_MATH = YES;
				ONLY_ACTIVE_ARCH = YES;
				SDKROOT = iphoneos;
				SWIFT_ACTIVE_COMPILATION_CONDITIONS = DEBUG;
				SWIFT_OPTIMIZATION_LEVEL = "-Onone";
			};
			name = Debug;
		};
		95623ECF26D904F400121868 /* Release */ = {
			isa = XCBuildConfiguration;
			buildSettings = {
				ALWAYS_SEARCH_USER_PATHS = NO;
				CLANG_ANALYZER_NONNULL = YES;
				CLANG_ANALYZER_NUMBER_OBJECT_CONVERSION = YES_AGGRESSIVE;
				CLANG_CXX_LANGUAGE_STANDARD = "gnu++17";
				CLANG_CXX_LIBRARY = "libc++";
				CLANG_ENABLE_MODULES = YES;
				CLANG_ENABLE_OBJC_ARC = YES;
				CLANG_ENABLE_OBJC_WEAK = YES;
				CLANG_WARN_BLOCK_CAPTURE_AUTORELEASING = YES;
				CLANG_WARN_BOOL_CONVERSION = YES;
				CLANG_WARN_COMMA = YES;
				CLANG_WARN_CONSTANT_CONVERSION = YES;
				CLANG_WARN_DEPRECATED_OBJC_IMPLEMENTATIONS = YES;
				CLANG_WARN_DIRECT_OBJC_ISA_USAGE = YES_ERROR;
				CLANG_WARN_DOCUMENTATION_COMMENTS = YES;
				CLANG_WARN_EMPTY_BODY = YES;
				CLANG_WARN_ENUM_CONVERSION = YES;
				CLANG_WARN_INFINITE_RECURSION = YES;
				CLANG_WARN_INT_CONVERSION = YES;
				CLANG_WARN_NON_LITERAL_NULL_CONVERSION = YES;
				CLANG_WARN_OBJC_IMPLICIT_RETAIN_SELF = YES;
				CLANG_WARN_OBJC_LITERAL_CONVERSION = YES;
				CLANG_WARN_OBJC_ROOT_CLASS = YES_ERROR;
				CLANG_WARN_QUOTED_INCLUDE_IN_FRAMEWORK_HEADER = YES;
				CLANG_WARN_RANGE_LOOP_ANALYSIS = YES;
				CLANG_WARN_STRICT_PROTOTYPES = YES;
				CLANG_WARN_SUSPICIOUS_MOVE = YES;
				CLANG_WARN_UNGUARDED_AVAILABILITY = YES_AGGRESSIVE;
				CLANG_WARN_UNREACHABLE_CODE = YES;
				CLANG_WARN__DUPLICATE_METHOD_MATCH = YES;
				COPY_PHASE_STRIP = NO;
				DEBUG_INFORMATION_FORMAT = "dwarf-with-dsym";
				ENABLE_NS_ASSERTIONS = NO;
				ENABLE_STRICT_OBJC_MSGSEND = YES;
				GCC_C_LANGUAGE_STANDARD = gnu11;
				GCC_NO_COMMON_BLOCKS = YES;
				GCC_WARN_64_TO_32_BIT_CONVERSION = YES;
				GCC_WARN_ABOUT_RETURN_TYPE = YES_ERROR;
				GCC_WARN_UNDECLARED_SELECTOR = YES;
				GCC_WARN_UNINITIALIZED_AUTOS = YES_AGGRESSIVE;
				GCC_WARN_UNUSED_FUNCTION = YES;
				GCC_WARN_UNUSED_VARIABLE = YES;
				IPHONEOS_DEPLOYMENT_TARGET = 15.0;
				MTL_ENABLE_DEBUG_INFO = NO;
				MTL_FAST_MATH = YES;
				SDKROOT = iphoneos;
				SWIFT_COMPILATION_MODE = wholemodule;
				SWIFT_OPTIMIZATION_LEVEL = "-O";
				VALIDATE_PRODUCT = YES;
			};
			name = Release;
		};
		95623ED126D904F400121868 /* Debug */ = {
			isa = XCBuildConfiguration;
			buildSettings = {
				ASSETCATALOG_COMPILER_APPICON_NAME = AppIcon;
				ASSETCATALOG_COMPILER_GLOBAL_ACCENT_COLOR_NAME = AccentColor;
				CODE_SIGN_STYLE = Automatic;
				CURRENT_PROJECT_VERSION = 1;
				DEVELOPMENT_ASSET_PATHS = "\"News/Preview Content\"";
				DEVELOPMENT_TEAM = F27HQ4FLX4;
				ENABLE_PREVIEWS = YES;
				GENERATE_INFOPLIST_FILE = YES;
				INFOPLIST_KEY_UIApplicationSceneManifest_Generation = YES;
				INFOPLIST_KEY_UIApplicationSupportsIndirectInputEvents = YES;
				INFOPLIST_KEY_UILaunchScreen_Generation = YES;
				INFOPLIST_KEY_UISupportedInterfaceOrientations_iPad = "UIInterfaceOrientationPortrait UIInterfaceOrientationPortraitUpsideDown UIInterfaceOrientationLandscapeLeft UIInterfaceOrientationLandscapeRight";
				INFOPLIST_KEY_UISupportedInterfaceOrientations_iPhone = "UIInterfaceOrientationPortrait UIInterfaceOrientationLandscapeLeft UIInterfaceOrientationLandscapeRight";
				IPHONEOS_DEPLOYMENT_TARGET = 14.0;
				LD_RUNPATH_SEARCH_PATHS = (
					"$(inherited)",
					"@executable_path/Frameworks",
				);
				MARKETING_VERSION = 1.0;
				PRODUCT_BUNDLE_IDENTIFIER = com.charlienguyen.News;
				PRODUCT_NAME = "$(TARGET_NAME)";
				SWIFT_EMIT_LOC_STRINGS = YES;
				SWIFT_VERSION = 5.0;
				TARGETED_DEVICE_FAMILY = "1,2";
			};
			name = Debug;
		};
		95623ED226D904F400121868 /* Release */ = {
			isa = XCBuildConfiguration;
			buildSettings = {
				ASSETCATALOG_COMPILER_APPICON_NAME = AppIcon;
				ASSETCATALOG_COMPILER_GLOBAL_ACCENT_COLOR_NAME = AccentColor;
				CODE_SIGN_STYLE = Automatic;
				CURRENT_PROJECT_VERSION = 1;
				DEVELOPMENT_ASSET_PATHS = "\"News/Preview Content\"";
				DEVELOPMENT_TEAM = F27HQ4FLX4;
				ENABLE_PREVIEWS = YES;
				GENERATE_INFOPLIST_FILE = YES;
				INFOPLIST_KEY_UIApplicationSceneManifest_Generation = YES;
				INFOPLIST_KEY_UIApplicationSupportsIndirectInputEvents = YES;
				INFOPLIST_KEY_UILaunchScreen_Generation = YES;
				INFOPLIST_KEY_UISupportedInterfaceOrientations_iPad = "UIInterfaceOrientationPortrait UIInterfaceOrientationPortraitUpsideDown UIInterfaceOrientationLandscapeLeft UIInterfaceOrientationLandscapeRight";
				INFOPLIST_KEY_UISupportedInterfaceOrientations_iPhone = "UIInterfaceOrientationPortrait UIInterfaceOrientationLandscapeLeft UIInterfaceOrientationLandscapeRight";
				IPHONEOS_DEPLOYMENT_TARGET = 14.0;
				LD_RUNPATH_SEARCH_PATHS = (
					"$(inherited)",
					"@executable_path/Frameworks",
				);
				MARKETING_VERSION = 1.0;
				PRODUCT_BUNDLE_IDENTIFIER = com.charlienguyen.News;
				PRODUCT_NAME = "$(TARGET_NAME)";
				SWIFT_EMIT_LOC_STRINGS = YES;
				SWIFT_VERSION = 5.0;
				TARGETED_DEVICE_FAMILY = "1,2";
			};
			name = Release;
		};
/* End XCBuildConfiguration section */

/* Begin XCConfigurationList section */
		95623EBD26D904F200121868 /* Build configuration list for PBXProject "News" */ = {
			isa = XCConfigurationList;
			buildConfigurations = (
				95623ECE26D904F400121868 /* Debug */,
				95623ECF26D904F400121868 /* Release */,
			);
			defaultConfigurationIsVisible = 0;
			defaultConfigurationName = Release;
		};
		95623ED026D904F400121868 /* Build configuration list for PBXNativeTarget "News" */ = {
			isa = XCConfigurationList;
			buildConfigurations = (
				95623ED126D904F400121868 /* Debug */,
				95623ED226D904F400121868 /* Release */,
			);
			defaultConfigurationIsVisible = 0;
			defaultConfigurationName = Release;
		};
/* End XCConfigurationList section */

/* Begin XCRemoteSwiftPackageReference section */
		95623EEC26D9162F00121868 /* XCRemoteSwiftPackageReference "url-image" */ = {
			isa = XCRemoteSwiftPackageReference;
			repositoryURL = "https://github.com/dmytro-anokhin/url-image";
			requirement = {
				branch = main;
				kind = branch;
			};
		};
/* End XCRemoteSwiftPackageReference section */

/* Begin XCSwiftPackageProductDependency section */
		95623EED26D9162F00121868 /* URLImage */ = {
			isa = XCSwiftPackageProductDependency;
			package = 95623EEC26D9162F00121868 /* XCRemoteSwiftPackageReference "url-image" */;
			productName = URLImage;
		};
		95623EEF26D9162F00121868 /* URLImageStore */ = {
			isa = XCSwiftPackageProductDependency;
			package = 95623EEC26D9162F00121868 /* XCRemoteSwiftPackageReference "url-image" */;
			productName = URLImageStore;
		};
/* End XCSwiftPackageProductDependency section */
	};
	rootObject = 95623EBA26D904F200121868 /* Project object */;
}
